
Microsoft Visual Studio Solution File, Format Version 12.00
# Visual Studio Version 16
VisualStudioVersion = 16.0.29613.14
MinimumVisualStudioVersion = 10.0.40219.1
Project("{FAE04EC0-301F-11D3-BF4B-00C04F79EFBC}") = "3Feb2020", "3Feb2020\3Feb2020.csproj", "{2CDCB539-BAE4-41FD-90B9-ADDE260E76CB}"
EndProject
Global
	GlobalSection(SolutionConfigurationPlatforms) = preSolution
		Debug|Any CPU = Debug|Any CPU
		Release|Any CPU = Release|Any CPU
	EndGlobalSection
	GlobalSection(ProjectConfigurationPlatforms) = postSolution
		{2CDCB539-BAE4-41FD-90B9-ADDE260E76CB}.Debug|Any CPU.ActiveCfg = Debug|Any CPU
		{2CDCB539-BAE4-41FD-90B9-ADDE260E76CB}.Debug|Any CPU.Build.0 = Debug|Any CPU
		{2CDCB539-BAE4-41FD-90B9-ADDE260E76CB}.Release|Any CPU.ActiveCfg = Release|Any CPU
		{2CDCB539-BAE4-41FD-90B9-ADDE260E76CB}.Release|Any CPU.Build.0 = Release|Any CPU
	EndGlobalSection
	GlobalSection(SolutionProperties) = preSolution
		HideSolutionNode = FALSE
	EndGlobalSection
	GlobalSection(ExtensibilityGlobals) = postSolution
		SolutionGuid = {F70B2BE7-867E-4C4A-BE53-3B35D27C4EE2}
	EndGlobalSection
EndGlobal
