
Microsoft Visual Studio Solution File, Format Version 12.00
# Visual Studio Version 16
VisualStudioVersion = 16.0.29613.14
MinimumVisualStudioVersion = 10.0.40219.1
Project("{FAE04EC0-301F-11D3-BF4B-00C04F79EFBC}") = "Test_5_20Feb", "Test_5_20Feb\Test_5_20Feb.csproj", "{26B4CF01-1027-4317-AAE7-CAA23CE4CE3C}"
EndProject
Global
	GlobalSection(SolutionConfigurationPlatforms) = preSolution
		Debug|Any CPU = Debug|Any CPU
		Release|Any CPU = Release|Any CPU
	EndGlobalSection
	GlobalSection(ProjectConfigurationPlatforms) = postSolution
		{26B4CF01-1027-4317-AAE7-CAA23CE4CE3C}.Debug|Any CPU.ActiveCfg = Debug|Any CPU
		{26B4CF01-1027-4317-AAE7-CAA23CE4CE3C}.Debug|Any CPU.Build.0 = Debug|Any CPU
		{26B4CF01-1027-4317-AAE7-CAA23CE4CE3C}.Release|Any CPU.ActiveCfg = Release|Any CPU
		{26B4CF01-1027-4317-AAE7-CAA23CE4CE3C}.Release|Any CPU.Build.0 = Release|Any CPU
	EndGlobalSection
	GlobalSection(SolutionProperties) = preSolution
		HideSolutionNode = FALSE
	EndGlobalSection
	GlobalSection(ExtensibilityGlobals) = postSolution
		SolutionGuid = {21FEFB85-E569-447A-B691-CBF7FD31A880}
	EndGlobalSection
EndGlobal
