
Microsoft Visual Studio Solution File, Format Version 12.00
# Visual Studio Version 16
VisualStudioVersion = 16.0.29613.14
MinimumVisualStudioVersion = 10.0.40219.1
Project("{FAE04EC0-301F-11D3-BF4B-00C04F79EFBC}") = "Test4Feb_2", "Test4Feb_2\Test4Feb_2.csproj", "{A8771515-86D6-43C4-A0DE-34716EF5AABD}"
EndProject
Global
	GlobalSection(SolutionConfigurationPlatforms) = preSolution
		Debug|Any CPU = Debug|Any CPU
		Release|Any CPU = Release|Any CPU
	EndGlobalSection
	GlobalSection(ProjectConfigurationPlatforms) = postSolution
		{A8771515-86D6-43C4-A0DE-34716EF5AABD}.Debug|Any CPU.ActiveCfg = Debug|Any CPU
		{A8771515-86D6-43C4-A0DE-34716EF5AABD}.Debug|Any CPU.Build.0 = Debug|Any CPU
		{A8771515-86D6-43C4-A0DE-34716EF5AABD}.Release|Any CPU.ActiveCfg = Release|Any CPU
		{A8771515-86D6-43C4-A0DE-34716EF5AABD}.Release|Any CPU.Build.0 = Release|Any CPU
	EndGlobalSection
	GlobalSection(SolutionProperties) = preSolution
		HideSolutionNode = FALSE
	EndGlobalSection
	GlobalSection(ExtensibilityGlobals) = postSolution
		SolutionGuid = {7CE240D1-088F-4DBD-9CB4-F29B78DA779E}
	EndGlobalSection
EndGlobal
