
Microsoft Visual Studio Solution File, Format Version 12.00
# Visual Studio Version 16
VisualStudioVersion = 16.0.29613.14
MinimumVisualStudioVersion = 10.0.40219.1
Project("{FAE04EC0-301F-11D3-BF4B-00C04F79EFBC}") = "10Feb20_2", "10Feb20_2\10Feb20_2.csproj", "{0A78A52C-7EA8-47F3-8FBA-5F700F501BE6}"
EndProject
Project("{2150E333-8FDC-42A3-9474-1A3956D46DE8}") = "Solution Items", "Solution Items", "{1F126427-0FDB-4497-9314-9DFFF6CE151D}"
	ProjectSection(SolutionItems) = preProject
		..\ImageGenerator\ImageGenerator\TrollPicture.cs = ..\ImageGenerator\ImageGenerator\TrollPicture.cs
	EndProjectSection
EndProject
Global
	GlobalSection(SolutionConfigurationPlatforms) = preSolution
		Debug|Any CPU = Debug|Any CPU
		Release|Any CPU = Release|Any CPU
	EndGlobalSection
	GlobalSection(ProjectConfigurationPlatforms) = postSolution
		{0A78A52C-7EA8-47F3-8FBA-5F700F501BE6}.Debug|Any CPU.ActiveCfg = Debug|Any CPU
		{0A78A52C-7EA8-47F3-8FBA-5F700F501BE6}.Debug|Any CPU.Build.0 = Debug|Any CPU
		{0A78A52C-7EA8-47F3-8FBA-5F700F501BE6}.Release|Any CPU.ActiveCfg = Release|Any CPU
		{0A78A52C-7EA8-47F3-8FBA-5F700F501BE6}.Release|Any CPU.Build.0 = Release|Any CPU
	EndGlobalSection
	GlobalSection(SolutionProperties) = preSolution
		HideSolutionNode = FALSE
	EndGlobalSection
	GlobalSection(ExtensibilityGlobals) = postSolution
		SolutionGuid = {FABB7EE1-41F1-4117-878C-0493A406B3B0}
	EndGlobalSection
EndGlobal
