
Microsoft Visual Studio Solution File, Format Version 12.00
# Visual Studio Version 16
VisualStudioVersion = 16.0.29613.14
MinimumVisualStudioVersion = 10.0.40219.1
Project("{FAE04EC0-301F-11D3-BF4B-00C04F79EFBC}") = "TupleTest", "TupleTest\TupleTest.csproj", "{208160C5-5B17-448E-9F1F-AD073D6E1D52}"
EndProject
Global
	GlobalSection(SolutionConfigurationPlatforms) = preSolution
		Debug|Any CPU = Debug|Any CPU
		Release|Any CPU = Release|Any CPU
	EndGlobalSection
	GlobalSection(ProjectConfigurationPlatforms) = postSolution
		{208160C5-5B17-448E-9F1F-AD073D6E1D52}.Debug|Any CPU.ActiveCfg = Debug|Any CPU
		{208160C5-5B17-448E-9F1F-AD073D6E1D52}.Debug|Any CPU.Build.0 = Debug|Any CPU
		{208160C5-5B17-448E-9F1F-AD073D6E1D52}.Release|Any CPU.ActiveCfg = Release|Any CPU
		{208160C5-5B17-448E-9F1F-AD073D6E1D52}.Release|Any CPU.Build.0 = Release|Any CPU
	EndGlobalSection
	GlobalSection(SolutionProperties) = preSolution
		HideSolutionNode = FALSE
	EndGlobalSection
	GlobalSection(ExtensibilityGlobals) = postSolution
		SolutionGuid = {F1D9932F-9ACD-4C39-B852-86E1E352775D}
	EndGlobalSection
EndGlobal
