
Microsoft Visual Studio Solution File, Format Version 12.00
# Visual Studio Version 16
VisualStudioVersion = 16.0.29613.14
MinimumVisualStudioVersion = 10.0.40219.1
Project("{FAE04EC0-301F-11D3-BF4B-00C04F79EFBC}") = "CalculateAverages", "CalculateAverages\CalculateAverages.csproj", "{2765D2E8-8433-4095-96A0-7DCA2463ECBA}"
EndProject
Global
	GlobalSection(SolutionConfigurationPlatforms) = preSolution
		Debug|Any CPU = Debug|Any CPU
		Release|Any CPU = Release|Any CPU
	EndGlobalSection
	GlobalSection(ProjectConfigurationPlatforms) = postSolution
		{2765D2E8-8433-4095-96A0-7DCA2463ECBA}.Debug|Any CPU.ActiveCfg = Debug|Any CPU
		{2765D2E8-8433-4095-96A0-7DCA2463ECBA}.Debug|Any CPU.Build.0 = Debug|Any CPU
		{2765D2E8-8433-4095-96A0-7DCA2463ECBA}.Release|Any CPU.ActiveCfg = Release|Any CPU
		{2765D2E8-8433-4095-96A0-7DCA2463ECBA}.Release|Any CPU.Build.0 = Release|Any CPU
	EndGlobalSection
	GlobalSection(SolutionProperties) = preSolution
		HideSolutionNode = FALSE
	EndGlobalSection
	GlobalSection(ExtensibilityGlobals) = postSolution
		SolutionGuid = {79E556AD-1594-4B78-80B9-E71893E1A653}
	EndGlobalSection
EndGlobal
