
Microsoft Visual Studio Solution File, Format Version 12.00
# Visual Studio Version 16
VisualStudioVersion = 16.0.29613.14
MinimumVisualStudioVersion = 10.0.40219.1
Project("{FAE04EC0-301F-11D3-BF4B-00C04F79EFBC}") = "Test_3_20Feb", "Test_3_20Feb\Test_3_20Feb.csproj", "{E3CBA454-A454-4308-A4A0-6EEEF8CCA779}"
EndProject
Global
	GlobalSection(SolutionConfigurationPlatforms) = preSolution
		Debug|Any CPU = Debug|Any CPU
		Release|Any CPU = Release|Any CPU
	EndGlobalSection
	GlobalSection(ProjectConfigurationPlatforms) = postSolution
		{E3CBA454-A454-4308-A4A0-6EEEF8CCA779}.Debug|Any CPU.ActiveCfg = Debug|Any CPU
		{E3CBA454-A454-4308-A4A0-6EEEF8CCA779}.Debug|Any CPU.Build.0 = Debug|Any CPU
		{E3CBA454-A454-4308-A4A0-6EEEF8CCA779}.Release|Any CPU.ActiveCfg = Release|Any CPU
		{E3CBA454-A454-4308-A4A0-6EEEF8CCA779}.Release|Any CPU.Build.0 = Release|Any CPU
	EndGlobalSection
	GlobalSection(SolutionProperties) = preSolution
		HideSolutionNode = FALSE
	EndGlobalSection
	GlobalSection(ExtensibilityGlobals) = postSolution
		SolutionGuid = {96423A1F-F04F-4415-BE96-C2991951BD30}
	EndGlobalSection
EndGlobal
