
Microsoft Visual Studio Solution File, Format Version 12.00
# Visual Studio Version 16
VisualStudioVersion = 16.0.29613.14
MinimumVisualStudioVersion = 10.0.40219.1
Project("{FAE04EC0-301F-11D3-BF4B-00C04F79EFBC}") = "Quiz5A_3", "Quiz5A_3\Quiz5A_3.csproj", "{19AA8ECD-3BD6-40CA-A620-ACD219EE8F5E}"
EndProject
Global
	GlobalSection(SolutionConfigurationPlatforms) = preSolution
		Debug|Any CPU = Debug|Any CPU
		Release|Any CPU = Release|Any CPU
	EndGlobalSection
	GlobalSection(ProjectConfigurationPlatforms) = postSolution
		{19AA8ECD-3BD6-40CA-A620-ACD219EE8F5E}.Debug|Any CPU.ActiveCfg = Debug|Any CPU
		{19AA8ECD-3BD6-40CA-A620-ACD219EE8F5E}.Debug|Any CPU.Build.0 = Debug|Any CPU
		{19AA8ECD-3BD6-40CA-A620-ACD219EE8F5E}.Release|Any CPU.ActiveCfg = Release|Any CPU
		{19AA8ECD-3BD6-40CA-A620-ACD219EE8F5E}.Release|Any CPU.Build.0 = Release|Any CPU
	EndGlobalSection
	GlobalSection(SolutionProperties) = preSolution
		HideSolutionNode = FALSE
	EndGlobalSection
	GlobalSection(ExtensibilityGlobals) = postSolution
		SolutionGuid = {FBEFD3FF-65C1-418A-BE49-5966B586B4EF}
	EndGlobalSection
EndGlobal
