
Microsoft Visual Studio Solution File, Format Version 12.00
# Visual Studio Version 16
VisualStudioVersion = 16.0.29613.14
MinimumVisualStudioVersion = 10.0.40219.1
Project("{FAE04EC0-301F-11D3-BF4B-00C04F79EFBC}") = "Week3Day1", "Week3Day1\Week3Day1.csproj", "{B9D39B30-7E16-4567-BA42-F793FC4A982D}"
EndProject
Global
	GlobalSection(SolutionConfigurationPlatforms) = preSolution
		Debug|Any CPU = Debug|Any CPU
		Release|Any CPU = Release|Any CPU
	EndGlobalSection
	GlobalSection(ProjectConfigurationPlatforms) = postSolution
		{B9D39B30-7E16-4567-BA42-F793FC4A982D}.Debug|Any CPU.ActiveCfg = Debug|Any CPU
		{B9D39B30-7E16-4567-BA42-F793FC4A982D}.Debug|Any CPU.Build.0 = Debug|Any CPU
		{B9D39B30-7E16-4567-BA42-F793FC4A982D}.Release|Any CPU.ActiveCfg = Release|Any CPU
		{B9D39B30-7E16-4567-BA42-F793FC4A982D}.Release|Any CPU.Build.0 = Release|Any CPU
	EndGlobalSection
	GlobalSection(SolutionProperties) = preSolution
		HideSolutionNode = FALSE
	EndGlobalSection
	GlobalSection(ExtensibilityGlobals) = postSolution
		SolutionGuid = {03B69CD2-80B2-4B25-AC35-42C9A7254F0D}
	EndGlobalSection
EndGlobal
