
Microsoft Visual Studio Solution File, Format Version 12.00
# Visual Studio Version 16
VisualStudioVersion = 16.0.29613.14
MinimumVisualStudioVersion = 10.0.40219.1
Project("{FAE04EC0-301F-11D3-BF4B-00C04F79EFBC}") = "Popquiz3", "Popquiz3\Popquiz3.csproj", "{1200AC17-7EAA-4AAD-8D19-A48B9EDDFF94}"
EndProject
Global
	GlobalSection(SolutionConfigurationPlatforms) = preSolution
		Debug|Any CPU = Debug|Any CPU
		Release|Any CPU = Release|Any CPU
	EndGlobalSection
	GlobalSection(ProjectConfigurationPlatforms) = postSolution
		{1200AC17-7EAA-4AAD-8D19-A48B9EDDFF94}.Debug|Any CPU.ActiveCfg = Debug|Any CPU
		{1200AC17-7EAA-4AAD-8D19-A48B9EDDFF94}.Debug|Any CPU.Build.0 = Debug|Any CPU
		{1200AC17-7EAA-4AAD-8D19-A48B9EDDFF94}.Release|Any CPU.ActiveCfg = Release|Any CPU
		{1200AC17-7EAA-4AAD-8D19-A48B9EDDFF94}.Release|Any CPU.Build.0 = Release|Any CPU
	EndGlobalSection
	GlobalSection(SolutionProperties) = preSolution
		HideSolutionNode = FALSE
	EndGlobalSection
	GlobalSection(ExtensibilityGlobals) = postSolution
		SolutionGuid = {C2F5A82C-350C-4AB9-8B7D-5DCA3C2FEFCA}
	EndGlobalSection
EndGlobal
