
Microsoft Visual Studio Solution File, Format Version 12.00
# Visual Studio Version 16
VisualStudioVersion = 16.0.29613.14
MinimumVisualStudioVersion = 10.0.40219.1
Project("{FAE04EC0-301F-11D3-BF4B-00C04F79EFBC}") = "Test_2_20Feb", "Test_2_20Feb\Test_2_20Feb.csproj", "{12224D1D-3B14-4126-955B-384F9AF56F40}"
EndProject
Global
	GlobalSection(SolutionConfigurationPlatforms) = preSolution
		Debug|Any CPU = Debug|Any CPU
		Release|Any CPU = Release|Any CPU
	EndGlobalSection
	GlobalSection(ProjectConfigurationPlatforms) = postSolution
		{12224D1D-3B14-4126-955B-384F9AF56F40}.Debug|Any CPU.ActiveCfg = Debug|Any CPU
		{12224D1D-3B14-4126-955B-384F9AF56F40}.Debug|Any CPU.Build.0 = Debug|Any CPU
		{12224D1D-3B14-4126-955B-384F9AF56F40}.Release|Any CPU.ActiveCfg = Release|Any CPU
		{12224D1D-3B14-4126-955B-384F9AF56F40}.Release|Any CPU.Build.0 = Release|Any CPU
	EndGlobalSection
	GlobalSection(SolutionProperties) = preSolution
		HideSolutionNode = FALSE
	EndGlobalSection
	GlobalSection(ExtensibilityGlobals) = postSolution
		SolutionGuid = {88E6B79E-563F-4D3C-B892-BEA115AF8DA0}
	EndGlobalSection
EndGlobal
