
Microsoft Visual Studio Solution File, Format Version 12.00
# Visual Studio Version 16
VisualStudioVersion = 16.0.29613.14
MinimumVisualStudioVersion = 10.0.40219.1
Project("{FAE04EC0-301F-11D3-BF4B-00C04F79EFBC}") = "Quiz5A_2", "Quiz5A_2\Quiz5A_2.csproj", "{67A52FEC-46E6-4E51-BADF-CE1396CD5232}"
EndProject
Global
	GlobalSection(SolutionConfigurationPlatforms) = preSolution
		Debug|Any CPU = Debug|Any CPU
		Release|Any CPU = Release|Any CPU
	EndGlobalSection
	GlobalSection(ProjectConfigurationPlatforms) = postSolution
		{67A52FEC-46E6-4E51-BADF-CE1396CD5232}.Debug|Any CPU.ActiveCfg = Debug|Any CPU
		{67A52FEC-46E6-4E51-BADF-CE1396CD5232}.Debug|Any CPU.Build.0 = Debug|Any CPU
		{67A52FEC-46E6-4E51-BADF-CE1396CD5232}.Release|Any CPU.ActiveCfg = Release|Any CPU
		{67A52FEC-46E6-4E51-BADF-CE1396CD5232}.Release|Any CPU.Build.0 = Release|Any CPU
	EndGlobalSection
	GlobalSection(SolutionProperties) = preSolution
		HideSolutionNode = FALSE
	EndGlobalSection
	GlobalSection(ExtensibilityGlobals) = postSolution
		SolutionGuid = {57D43F64-8B10-430E-8254-FCB6F9B560D6}
	EndGlobalSection
EndGlobal
