
Microsoft Visual Studio Solution File, Format Version 12.00
# Visual Studio Version 16
VisualStudioVersion = 16.0.29613.14
MinimumVisualStudioVersion = 10.0.40219.1
Project("{FAE04EC0-301F-11D3-BF4B-00C04F79EFBC}") = "Modulus", "Modulus\Modulus.csproj", "{C35ABEBC-4861-4C81-A87D-8C92A090243E}"
EndProject
Global
	GlobalSection(SolutionConfigurationPlatforms) = preSolution
		Debug|Any CPU = Debug|Any CPU
		Release|Any CPU = Release|Any CPU
	EndGlobalSection
	GlobalSection(ProjectConfigurationPlatforms) = postSolution
		{C35ABEBC-4861-4C81-A87D-8C92A090243E}.Debug|Any CPU.ActiveCfg = Debug|Any CPU
		{C35ABEBC-4861-4C81-A87D-8C92A090243E}.Debug|Any CPU.Build.0 = Debug|Any CPU
		{C35ABEBC-4861-4C81-A87D-8C92A090243E}.Release|Any CPU.ActiveCfg = Release|Any CPU
		{C35ABEBC-4861-4C81-A87D-8C92A090243E}.Release|Any CPU.Build.0 = Release|Any CPU
	EndGlobalSection
	GlobalSection(SolutionProperties) = preSolution
		HideSolutionNode = FALSE
	EndGlobalSection
	GlobalSection(ExtensibilityGlobals) = postSolution
		SolutionGuid = {587A7CBD-39C4-4240-B06A-2F729A327AF3}
	EndGlobalSection
EndGlobal
