
Microsoft Visual Studio Solution File, Format Version 12.00
# Visual Studio Version 16
VisualStudioVersion = 16.0.29613.14
MinimumVisualStudioVersion = 10.0.40219.1
Project("{FAE04EC0-301F-11D3-BF4B-00C04F79EFBC}") = "5Feb2020", "5Feb2020\5Feb2020.csproj", "{FADDC3BB-2C7A-4A2B-93BC-69648E29FA67}"
EndProject
Global
	GlobalSection(SolutionConfigurationPlatforms) = preSolution
		Debug|Any CPU = Debug|Any CPU
		Release|Any CPU = Release|Any CPU
	EndGlobalSection
	GlobalSection(ProjectConfigurationPlatforms) = postSolution
		{FADDC3BB-2C7A-4A2B-93BC-69648E29FA67}.Debug|Any CPU.ActiveCfg = Debug|Any CPU
		{FADDC3BB-2C7A-4A2B-93BC-69648E29FA67}.Debug|Any CPU.Build.0 = Debug|Any CPU
		{FADDC3BB-2C7A-4A2B-93BC-69648E29FA67}.Release|Any CPU.ActiveCfg = Release|Any CPU
		{FADDC3BB-2C7A-4A2B-93BC-69648E29FA67}.Release|Any CPU.Build.0 = Release|Any CPU
	EndGlobalSection
	GlobalSection(SolutionProperties) = preSolution
		HideSolutionNode = FALSE
	EndGlobalSection
	GlobalSection(ExtensibilityGlobals) = postSolution
		SolutionGuid = {ECE4CA31-587D-4960-A5EB-1AB279D90A5F}
	EndGlobalSection
EndGlobal
