
Microsoft Visual Studio Solution File, Format Version 12.00
# Visual Studio Version 16
VisualStudioVersion = 16.0.29613.14
MinimumVisualStudioVersion = 10.0.40219.1
Project("{FAE04EC0-301F-11D3-BF4B-00C04F79EFBC}") = "MathFUNctions", "MathFUNctions\MathFUNctions.csproj", "{CA14547A-0311-47A1-AF2F-580D5C951558}"
EndProject
Global
	GlobalSection(SolutionConfigurationPlatforms) = preSolution
		Debug|Any CPU = Debug|Any CPU
		Release|Any CPU = Release|Any CPU
	EndGlobalSection
	GlobalSection(ProjectConfigurationPlatforms) = postSolution
		{CA14547A-0311-47A1-AF2F-580D5C951558}.Debug|Any CPU.ActiveCfg = Debug|Any CPU
		{CA14547A-0311-47A1-AF2F-580D5C951558}.Debug|Any CPU.Build.0 = Debug|Any CPU
		{CA14547A-0311-47A1-AF2F-580D5C951558}.Release|Any CPU.ActiveCfg = Release|Any CPU
		{CA14547A-0311-47A1-AF2F-580D5C951558}.Release|Any CPU.Build.0 = Release|Any CPU
	EndGlobalSection
	GlobalSection(SolutionProperties) = preSolution
		HideSolutionNode = FALSE
	EndGlobalSection
	GlobalSection(ExtensibilityGlobals) = postSolution
		SolutionGuid = {92D7C527-DE68-4B86-8A5F-7C6048F4A423}
	EndGlobalSection
EndGlobal
