
Microsoft Visual Studio Solution File, Format Version 12.00
# Visual Studio Version 16
VisualStudioVersion = 16.0.29613.14
MinimumVisualStudioVersion = 10.0.40219.1
Project("{FAE04EC0-301F-11D3-BF4B-00C04F79EFBC}") = "MonteCarloMethod", "MonteCarloMethod\MonteCarloMethod.csproj", "{F1BB81BE-6F53-492C-A9D5-F1676FA60A54}"
EndProject
Global
	GlobalSection(SolutionConfigurationPlatforms) = preSolution
		Debug|Any CPU = Debug|Any CPU
		Release|Any CPU = Release|Any CPU
	EndGlobalSection
	GlobalSection(ProjectConfigurationPlatforms) = postSolution
		{F1BB81BE-6F53-492C-A9D5-F1676FA60A54}.Debug|Any CPU.ActiveCfg = Debug|Any CPU
		{F1BB81BE-6F53-492C-A9D5-F1676FA60A54}.Debug|Any CPU.Build.0 = Debug|Any CPU
		{F1BB81BE-6F53-492C-A9D5-F1676FA60A54}.Release|Any CPU.ActiveCfg = Release|Any CPU
		{F1BB81BE-6F53-492C-A9D5-F1676FA60A54}.Release|Any CPU.Build.0 = Release|Any CPU
	EndGlobalSection
	GlobalSection(SolutionProperties) = preSolution
		HideSolutionNode = FALSE
	EndGlobalSection
	GlobalSection(ExtensibilityGlobals) = postSolution
		SolutionGuid = {8EA6DC2D-6BF0-4D7C-950F-CA774E8E9407}
	EndGlobalSection
EndGlobal
