
Microsoft Visual Studio Solution File, Format Version 12.00
# Visual Studio Version 16
VisualStudioVersion = 16.0.29613.14
MinimumVisualStudioVersion = 10.0.40219.1
Project("{FAE04EC0-301F-11D3-BF4B-00C04F79EFBC}") = "Week2Day2_2", "Week2Day2_2\Week2Day2_2.csproj", "{14901252-DD0F-4BA3-8239-F051E31DDDB6}"
EndProject
Global
	GlobalSection(SolutionConfigurationPlatforms) = preSolution
		Debug|Any CPU = Debug|Any CPU
		Release|Any CPU = Release|Any CPU
	EndGlobalSection
	GlobalSection(ProjectConfigurationPlatforms) = postSolution
		{14901252-DD0F-4BA3-8239-F051E31DDDB6}.Debug|Any CPU.ActiveCfg = Debug|Any CPU
		{14901252-DD0F-4BA3-8239-F051E31DDDB6}.Debug|Any CPU.Build.0 = Debug|Any CPU
		{14901252-DD0F-4BA3-8239-F051E31DDDB6}.Release|Any CPU.ActiveCfg = Release|Any CPU
		{14901252-DD0F-4BA3-8239-F051E31DDDB6}.Release|Any CPU.Build.0 = Release|Any CPU
	EndGlobalSection
	GlobalSection(SolutionProperties) = preSolution
		HideSolutionNode = FALSE
	EndGlobalSection
	GlobalSection(ExtensibilityGlobals) = postSolution
		SolutionGuid = {D33DEBC0-AEE7-4D8A-9EB4-F62E8B5FD3EC}
	EndGlobalSection
EndGlobal
