
Microsoft Visual Studio Solution File, Format Version 12.00
# Visual Studio Version 16
VisualStudioVersion = 16.0.29613.14
MinimumVisualStudioVersion = 10.0.40219.1
Project("{FAE04EC0-301F-11D3-BF4B-00C04F79EFBC}") = "Quiz5A_4", "Quiz5A_4\Quiz5A_4.csproj", "{128B8B8A-4735-4D2C-990E-BBB3875451F0}"
EndProject
Global
	GlobalSection(SolutionConfigurationPlatforms) = preSolution
		Debug|Any CPU = Debug|Any CPU
		Release|Any CPU = Release|Any CPU
	EndGlobalSection
	GlobalSection(ProjectConfigurationPlatforms) = postSolution
		{128B8B8A-4735-4D2C-990E-BBB3875451F0}.Debug|Any CPU.ActiveCfg = Debug|Any CPU
		{128B8B8A-4735-4D2C-990E-BBB3875451F0}.Debug|Any CPU.Build.0 = Debug|Any CPU
		{128B8B8A-4735-4D2C-990E-BBB3875451F0}.Release|Any CPU.ActiveCfg = Release|Any CPU
		{128B8B8A-4735-4D2C-990E-BBB3875451F0}.Release|Any CPU.Build.0 = Release|Any CPU
	EndGlobalSection
	GlobalSection(SolutionProperties) = preSolution
		HideSolutionNode = FALSE
	EndGlobalSection
	GlobalSection(ExtensibilityGlobals) = postSolution
		SolutionGuid = {64ADF773-9100-4158-891A-474E4FF3B51A}
	EndGlobalSection
EndGlobal
